// !$*UTF8*$!
{
	archiveVersion = 1;
	classes = {
	};
	objectVersion = 50;
	objects = {

/* Begin PBXBuildFile section */
		4E11BC3821F6DA5700C041F0 /* Global.swift in Sources */ = {isa = PBXBuildFile; fileRef = 4E11BC3721F6DA5700C041F0 /* Global.swift */; };
		4E1E289321F6723800A55FD2 /* AppDelegate.swift in Sources */ = {isa = PBXBuildFile; fileRef = 4E1E289221F6723800A55FD2 /* AppDelegate.swift */; };
		4E1E289821F6723800A55FD2 /* Main.storyboard in Resources */ = {isa = PBXBuildFile; fileRef = 4E1E289621F6723800A55FD2 /* Main.storyboard */; };
		4E1E289A21F6723900A55FD2 /* Assets.xcassets in Resources */ = {isa = PBXBuildFile; fileRef = 4E1E289921F6723900A55FD2 /* Assets.xcassets */; };
		4E1E289D21F6723900A55FD2 /* LaunchScreen.storyboard in Resources */ = {isa = PBXBuildFile; fileRef = 4E1E289B21F6723900A55FD2 /* LaunchScreen.storyboard */; };
		4E4CB1B921F6C33800C7E08C /* LandingViewController.swift in Sources */ = {isa = PBXBuildFile; fileRef = 4E4CB1B821F6C33800C7E08C /* LandingViewController.swift */; };
		4E4CB1BC21F6C61A00C7E08C /* Home.storyboard in Resources */ = {isa = PBXBuildFile; fileRef = 4E4CB1BB21F6C61A00C7E08C /* Home.storyboard */; };
		4E4CB1BE21F6C63100C7E08C /* HomeViewController.swift in Sources */ = {isa = PBXBuildFile; fileRef = 4E4CB1BD21F6C63100C7E08C /* HomeViewController.swift */; };
		4E4FE53021F730E9009DAF02 /* MenuViewController.swift in Sources */ = {isa = PBXBuildFile; fileRef = 4E4FE52F21F730E9009DAF02 /* MenuViewController.swift */; };
		4E9931F521F7FE38009C345F /* Schedule.storyboard in Resources */ = {isa = PBXBuildFile; fileRef = 4E9931F421F7FE38009C345F /* Schedule.storyboard */; };
		4E9931F721F7FE45009C345F /* ScheduleViewController.swift in Sources */ = {isa = PBXBuildFile; fileRef = 4E9931F621F7FE45009C345F /* ScheduleViewController.swift */; };
		4E9931FA21F8061B009C345F /* Map.storyboard in Resources */ = {isa = PBXBuildFile; fileRef = 4E9931F921F8061B009C345F /* Map.storyboard */; };
		4EB48AC321F732AF00DCDE7D /* UIView+Constraints.swift in Sources */ = {isa = PBXBuildFile; fileRef = 4EB48AC221F732AF00DCDE7D /* UIView+Constraints.swift */; };
		4EB48AC721F732DF00DCDE7D /* ImagesViewController.swift in Sources */ = {isa = PBXBuildFile; fileRef = 4EB48AC421F732DF00DCDE7D /* ImagesViewController.swift */; };
		4EB48AC821F732DF00DCDE7D /* ImageCollectionViewCell.swift in Sources */ = {isa = PBXBuildFile; fileRef = 4EB48AC521F732DF00DCDE7D /* ImageCollectionViewCell.swift */; };
		4EB48AC921F732DF00DCDE7D /* ImagePagingCell.swift in Sources */ = {isa = PBXBuildFile; fileRef = 4EB48AC621F732DF00DCDE7D /* ImagePagingCell.swift */; };
		4EB48ACC21F7D76100DCDE7D /* ChatBot.storyboard in Resources */ = {isa = PBXBuildFile; fileRef = 4EB48ACB21F7D76100DCDE7D /* ChatBot.storyboard */; };
		4EB48ACE21F7D78D00DCDE7D /* ChatBot.swift in Sources */ = {isa = PBXBuildFile; fileRef = 4EB48ACD21F7D78D00DCDE7D /* ChatBot.swift */; };
		4EB48AD021F7D8A800DCDE7D /* ConversationViewController.swift in Sources */ = {isa = PBXBuildFile; fileRef = 4EB48ACF21F7D8A800DCDE7D /* ConversationViewController.swift */; };
		4EB48AD221F7D90D00DCDE7D /* Conversation.swift in Sources */ = {isa = PBXBuildFile; fileRef = 4EB48AD121F7D90D00DCDE7D /* Conversation.swift */; };
		4EB48AD721F7D96700DCDE7D /* ConversationCell.swift in Sources */ = {isa = PBXBuildFile; fileRef = 4EB48AD521F7D96700DCDE7D /* ConversationCell.swift */; };
		4EB48AD821F7D96700DCDE7D /* ConversationCell.xib in Resources */ = {isa = PBXBuildFile; fileRef = 4EB48AD621F7D96700DCDE7D /* ConversationCell.xib */; };
		4EB48ADA21F7D9AC00DCDE7D /* AskCell.swift in Sources */ = {isa = PBXBuildFile; fileRef = 4EB48AD921F7D9AC00DCDE7D /* AskCell.swift */; };
		4EB48ADC21F7D9C300DCDE7D /* Message.swift in Sources */ = {isa = PBXBuildFile; fileRef = 4EB48ADB21F7D9C300DCDE7D /* Message.swift */; };
		4EB48ADE21F7D9DA00DCDE7D /* ThinkingCell.swift in Sources */ = {isa = PBXBuildFile; fileRef = 4EB48ADD21F7D9DA00DCDE7D /* ThinkingCell.swift */; };
		4EC83D5E21F8098000ED75E4 /* MapViewController.swift in Sources */ = {isa = PBXBuildFile; fileRef = 4EC83D5D21F8098000ED75E4 /* MapViewController.swift */; };
		4EC83D6021F8122000ED75E4 /* FAQ.storyboard in Resources */ = {isa = PBXBuildFile; fileRef = 4EC83D5F21F8122000ED75E4 /* FAQ.storyboard */; };
		4EC83D6221F8126A00ED75E4 /* FAQViewController.swift in Sources */ = {isa = PBXBuildFile; fileRef = 4EC83D6121F8126A00ED75E4 /* FAQViewController.swift */; };
		4EE0CE7921F6E59700CB0B3D /* CustomSlantedCollectionViewCell.swift in Sources */ = {isa = PBXBuildFile; fileRef = 4EE0CE7721F6E59700CB0B3D /* CustomSlantedCollectionViewCell.swift */; };
		4EE0CE7D21F6E61300CB0B3D /* covers.plist in Resources */ = {isa = PBXBuildFile; fileRef = 4EE0CE7C21F6E61300CB0B3D /* covers.plist */; };
		861DE70D270D70149F9A45A1 /* Pods_Festival_Fest.framework in Frameworks */ = {isa = PBXBuildFile; fileRef = A5D44F15B92493F655CD0265 /* Pods_Festival_Fest.framework */; };
/* End PBXBuildFile section */

/* Begin PBXFileReference section */
		4E11BC3721F6DA5700C041F0 /* Global.swift */ = {isa = PBXFileReference; lastKnownFileType = sourcecode.swift; path = Global.swift; sourceTree = "<group>"; };
		4E1E288F21F6723800A55FD2 /* Festival Fest.app */ = {isa = PBXFileReference; explicitFileType = wrapper.application; includeInIndex = 0; path = "Festival Fest.app"; sourceTree = BUILT_PRODUCTS_DIR; };
		4E1E289221F6723800A55FD2 /* AppDelegate.swift */ = {isa = PBXFileReference; lastKnownFileType = sourcecode.swift; path = AppDelegate.swift; sourceTree = "<group>"; };
		4E1E289721F6723800A55FD2 /* Base */ = {isa = PBXFileReference; lastKnownFileType = file.storyboard; name = Base; path = Base.lproj/Main.storyboard; sourceTree = "<group>"; };
		4E1E289921F6723900A55FD2 /* Assets.xcassets */ = {isa = PBXFileReference; lastKnownFileType = folder.assetcatalog; path = Assets.xcassets; sourceTree = "<group>"; };
		4E1E289C21F6723900A55FD2 /* Base */ = {isa = PBXFileReference; lastKnownFileType = file.storyboard; name = Base; path = Base.lproj/LaunchScreen.storyboard; sourceTree = "<group>"; };
		4E1E289E21F6723900A55FD2 /* Info.plist */ = {isa = PBXFileReference; lastKnownFileType = text.plist.xml; path = Info.plist; sourceTree = "<group>"; };
		4E4CB1B821F6C33800C7E08C /* LandingViewController.swift */ = {isa = PBXFileReference; lastKnownFileType = sourcecode.swift; path = LandingViewController.swift; sourceTree = "<group>"; };
		4E4CB1BB21F6C61A00C7E08C /* Home.storyboard */ = {isa = PBXFileReference; lastKnownFileType = file.storyboard; path = Home.storyboard; sourceTree = "<group>"; };
		4E4CB1BD21F6C63100C7E08C /* HomeViewController.swift */ = {isa = PBXFileReference; lastKnownFileType = sourcecode.swift; path = HomeViewController.swift; sourceTree = "<group>"; };
		4E4FE52F21F730E9009DAF02 /* MenuViewController.swift */ = {isa = PBXFileReference; lastKnownFileType = sourcecode.swift; path = MenuViewController.swift; sourceTree = "<group>"; };
		4E9931F421F7FE38009C345F /* Schedule.storyboard */ = {isa = PBXFileReference; lastKnownFileType = file.storyboard; path = Schedule.storyboard; sourceTree = "<group>"; };
		4E9931F621F7FE45009C345F /* ScheduleViewController.swift */ = {isa = PBXFileReference; lastKnownFileType = sourcecode.swift; path = ScheduleViewController.swift; sourceTree = "<group>"; };
		4E9931F921F8061B009C345F /* Map.storyboard */ = {isa = PBXFileReference; lastKnownFileType = file.storyboard; path = Map.storyboard; sourceTree = "<group>"; };
		4EB48AC221F732AF00DCDE7D /* UIView+Constraints.swift */ = {isa = PBXFileReference; lastKnownFileType = sourcecode.swift; path = "UIView+Constraints.swift"; sourceTree = "<group>"; };
		4EB48AC421F732DF00DCDE7D /* ImagesViewController.swift */ = {isa = PBXFileReference; fileEncoding = 4; lastKnownFileType = sourcecode.swift; path = ImagesViewController.swift; sourceTree = "<group>"; };
		4EB48AC521F732DF00DCDE7D /* ImageCollectionViewCell.swift */ = {isa = PBXFileReference; fileEncoding = 4; lastKnownFileType = sourcecode.swift; path = ImageCollectionViewCell.swift; sourceTree = "<group>"; };
		4EB48AC621F732DF00DCDE7D /* ImagePagingCell.swift */ = {isa = PBXFileReference; fileEncoding = 4; lastKnownFileType = sourcecode.swift; path = ImagePagingCell.swift; sourceTree = "<group>"; };
		4EB48ACB21F7D76100DCDE7D /* ChatBot.storyboard */ = {isa = PBXFileReference; lastKnownFileType = file.storyboard; path = ChatBot.storyboard; sourceTree = "<group>"; };
		4EB48ACD21F7D78D00DCDE7D /* ChatBot.swift */ = {isa = PBXFileReference; lastKnownFileType = sourcecode.swift; path = ChatBot.swift; sourceTree = "<group>"; };
		4EB48ACF21F7D8A800DCDE7D /* ConversationViewController.swift */ = {isa = PBXFileReference; lastKnownFileType = sourcecode.swift; path = ConversationViewController.swift; sourceTree = "<group>"; };
		4EB48AD121F7D90D00DCDE7D /* Conversation.swift */ = {isa = PBXFileReference; lastKnownFileType = sourcecode.swift; path = Conversation.swift; sourceTree = "<group>"; };
		4EB48AD521F7D96700DCDE7D /* ConversationCell.swift */ = {isa = PBXFileReference; lastKnownFileType = sourcecode.swift; path = ConversationCell.swift; sourceTree = "<group>"; };
		4EB48AD621F7D96700DCDE7D /* ConversationCell.xib */ = {isa = PBXFileReference; lastKnownFileType = file.xib; path = ConversationCell.xib; sourceTree = "<group>"; };
		4EB48AD921F7D9AC00DCDE7D /* AskCell.swift */ = {isa = PBXFileReference; lastKnownFileType = sourcecode.swift; path = AskCell.swift; sourceTree = "<group>"; };
		4EB48ADB21F7D9C300DCDE7D /* Message.swift */ = {isa = PBXFileReference; lastKnownFileType = sourcecode.swift; path = Message.swift; sourceTree = "<group>"; };
		4EB48ADD21F7D9DA00DCDE7D /* ThinkingCell.swift */ = {isa = PBXFileReference; lastKnownFileType = sourcecode.swift; path = ThinkingCell.swift; sourceTree = "<group>"; };
		4EC83D5D21F8098000ED75E4 /* MapViewController.swift */ = {isa = PBXFileReference; lastKnownFileType = sourcecode.swift; path = MapViewController.swift; sourceTree = "<group>"; };
		4EC83D5F21F8122000ED75E4 /* FAQ.storyboard */ = {isa = PBXFileReference; lastKnownFileType = file.storyboard; path = FAQ.storyboard; sourceTree = "<group>"; };
		4EC83D6121F8126A00ED75E4 /* FAQViewController.swift */ = {isa = PBXFileReference; lastKnownFileType = sourcecode.swift; path = FAQViewController.swift; sourceTree = "<group>"; };
		4EE0CE7721F6E59700CB0B3D /* CustomSlantedCollectionViewCell.swift */ = {isa = PBXFileReference; lastKnownFileType = sourcecode.swift; path = CustomSlantedCollectionViewCell.swift; sourceTree = "<group>"; };
		4EE0CE7C21F6E61300CB0B3D /* covers.plist */ = {isa = PBXFileReference; fileEncoding = 4; lastKnownFileType = text.plist.xml; path = covers.plist; sourceTree = "<group>"; };
		A5D44F15B92493F655CD0265 /* Pods_Festival_Fest.framework */ = {isa = PBXFileReference; explicitFileType = wrapper.framework; includeInIndex = 0; path = Pods_Festival_Fest.framework; sourceTree = BUILT_PRODUCTS_DIR; };
		E4B65F2AF122928CFA08C809 /* Pods-Festival Fest.release.xcconfig */ = {isa = PBXFileReference; includeInIndex = 1; lastKnownFileType = text.xcconfig; name = "Pods-Festival Fest.release.xcconfig"; path = "Pods/Target Support Files/Pods-Festival Fest/Pods-Festival Fest.release.xcconfig"; sourceTree = "<group>"; };
		ED3522D42F2C0BD47EF528EC /* Pods-Festival Fest.debug.xcconfig */ = {isa = PBXFileReference; includeInIndex = 1; lastKnownFileType = text.xcconfig; name = "Pods-Festival Fest.debug.xcconfig"; path = "Pods/Target Support Files/Pods-Festival Fest/Pods-Festival Fest.debug.xcconfig"; sourceTree = "<group>"; };
/* End PBXFileReference section */

/* Begin PBXFrameworksBuildPhase section */
		4E1E288C21F6723800A55FD2 /* Frameworks */ = {
			isa = PBXFrameworksBuildPhase;
			buildActionMask = 2147483647;
			files = (
				861DE70D270D70149F9A45A1 /* Pods_Festival_Fest.framework in Frameworks */,
			);
			runOnlyForDeploymentPostprocessing = 0;
		};
/* End PBXFrameworksBuildPhase section */

/* Begin PBXGroup section */
		4E1E288621F6723800A55FD2 = {
			isa = PBXGroup;
			children = (
				4EB48AC121F7329500DCDE7D /* Menu */,
				4E1E289121F6723800A55FD2 /* Festival Fest */,
				4E1E289021F6723800A55FD2 /* Products */,
				FF872D5066623BA374A26DC1 /* Pods */,
				AB35DF7019FC669D66546816 /* Frameworks */,
			);
			sourceTree = "<group>";
		};
		4E1E289021F6723800A55FD2 /* Products */ = {
			isa = PBXGroup;
			children = (
				4E1E288F21F6723800A55FD2 /* Festival Fest.app */,
			);
			name = Products;
			sourceTree = "<group>";
		};
		4E1E289121F6723800A55FD2 /* Festival Fest */ = {
			isa = PBXGroup;
			children = (
				4E11BC3721F6DA5700C041F0 /* Global.swift */,
				4E1E289221F6723800A55FD2 /* AppDelegate.swift */,
				4E1E28A621F6735000A55FD2 /* Models */,
				4E1E28A521F6734B00A55FD2 /* Views */,
				4E1E28A421F6734500A55FD2 /* Controllers */,
				4E4CB1BA21F6C4BC00C7E08C /* Storyboards */,
				4EB48ACA21F7D74600DCDE7D /* Chat Bot */,
				4EE0CE7B21F6E5F500CB0B3D /* Resources */,
				4E1E289921F6723900A55FD2 /* Assets.xcassets */,
				4E1E289E21F6723900A55FD2 /* Info.plist */,
			);
			path = "Festival Fest";
			sourceTree = "<group>";
		};
		4E1E28A421F6734500A55FD2 /* Controllers */ = {
			isa = PBXGroup;
			children = (
				4E4CB1B821F6C33800C7E08C /* LandingViewController.swift */,
				4E4CB1BD21F6C63100C7E08C /* HomeViewController.swift */,
				4E4FE52F21F730E9009DAF02 /* MenuViewController.swift */,
				4E9931F621F7FE45009C345F /* ScheduleViewController.swift */,
				4EC83D5D21F8098000ED75E4 /* MapViewController.swift */,
				4EC83D6121F8126A00ED75E4 /* FAQViewController.swift */,
			);
			path = Controllers;
			sourceTree = "<group>";
		};
		4E1E28A521F6734B00A55FD2 /* Views */ = {
			isa = PBXGroup;
			children = (
				4EE0CE7721F6E59700CB0B3D /* CustomSlantedCollectionViewCell.swift */,
			);
			path = Views;
			sourceTree = "<group>";
		};
		4E1E28A621F6735000A55FD2 /* Models */ = {
			isa = PBXGroup;
			children = (
			);
			path = Models;
			sourceTree = "<group>";
		};
		4E4CB1BA21F6C4BC00C7E08C /* Storyboards */ = {
			isa = PBXGroup;
			children = (
				4E1E289B21F6723900A55FD2 /* LaunchScreen.storyboard */,
				4E1E289621F6723800A55FD2 /* Main.storyboard */,
				4E4CB1BB21F6C61A00C7E08C /* Home.storyboard */,
				4E9931F421F7FE38009C345F /* Schedule.storyboard */,
				4E9931F921F8061B009C345F /* Map.storyboard */,
				4EC83D5F21F8122000ED75E4 /* FAQ.storyboard */,
			);
			path = Storyboards;
			sourceTree = "<group>";
		};
		4EB48AC121F7329500DCDE7D /* Menu */ = {
			isa = PBXGroup;
			children = (
				4EB48AC221F732AF00DCDE7D /* UIView+Constraints.swift */,
				4EB48AC521F732DF00DCDE7D /* ImageCollectionViewCell.swift */,
				4EB48AC621F732DF00DCDE7D /* ImagePagingCell.swift */,
				4EB48AC421F732DF00DCDE7D /* ImagesViewController.swift */,
			);
			path = Menu;
			sourceTree = "<group>";
		};
		4EB48ACA21F7D74600DCDE7D /* Chat Bot */ = {
			isa = PBXGroup;
			children = (
				4EB48ACB21F7D76100DCDE7D /* ChatBot.storyboard */,
				4EB48ACD21F7D78D00DCDE7D /* ChatBot.swift */,
				4EB48ACF21F7D8A800DCDE7D /* ConversationViewController.swift */,
				4EB48AD121F7D90D00DCDE7D /* Conversation.swift */,
				4EB48AD521F7D96700DCDE7D /* ConversationCell.swift */,
				4EB48AD621F7D96700DCDE7D /* ConversationCell.xib */,
				4EB48AD921F7D9AC00DCDE7D /* AskCell.swift */,
				4EB48ADB21F7D9C300DCDE7D /* Message.swift */,
				4EB48ADD21F7D9DA00DCDE7D /* ThinkingCell.swift */,
			);
			path = "Chat Bot";
			sourceTree = "<group>";
		};
		4EE0CE7B21F6E5F500CB0B3D /* Resources */ = {
			isa = PBXGroup;
			children = (
				4EE0CE7C21F6E61300CB0B3D /* covers.plist */,
			);
			path = Resources;
			sourceTree = "<group>";
		};
		AB35DF7019FC669D66546816 /* Frameworks */ = {
			isa = PBXGroup;
			children = (
				A5D44F15B92493F655CD0265 /* Pods_Festival_Fest.framework */,
			);
			name = Frameworks;
			sourceTree = "<group>";
		};
		FF872D5066623BA374A26DC1 /* Pods */ = {
			isa = PBXGroup;
			children = (
				ED3522D42F2C0BD47EF528EC /* Pods-Festival Fest.debug.xcconfig */,
				E4B65F2AF122928CFA08C809 /* Pods-Festival Fest.release.xcconfig */,
			);
			name = Pods;
			sourceTree = "<group>";
		};
/* End PBXGroup section */

/* Begin PBXNativeTarget section */
		4E1E288E21F6723800A55FD2 /* Festival Fest */ = {
			isa = PBXNativeTarget;
			buildConfigurationList = 4E1E28A121F6723900A55FD2 /* Build configuration list for PBXNativeTarget "Festival Fest" */;
			buildPhases = (
				F3FCBFBB62101048DC44A028 /* [CP] Check Pods Manifest.lock */,
				4E1E288B21F6723800A55FD2 /* Sources */,
				4E1E288C21F6723800A55FD2 /* Frameworks */,
				4E1E288D21F6723800A55FD2 /* Resources */,
				11B79285150962CA46A72168 /* [CP] Embed Pods Frameworks */,
			);
			buildRules = (
			);
			dependencies = (
			);
			name = "Festival Fest";
			productName = "Festival Fest";
			productReference = 4E1E288F21F6723800A55FD2 /* Festival Fest.app */;
			productType = "com.apple.product-type.application";
		};
/* End PBXNativeTarget section */

/* Begin PBXProject section */
		4E1E288721F6723800A55FD2 /* Project object */ = {
			isa = PBXProject;
			attributes = {
				LastSwiftUpdateCheck = 1010;
				LastUpgradeCheck = 1010;
				ORGANIZATIONNAME = "Festival Fest";
				TargetAttributes = {
					4E1E288E21F6723800A55FD2 = {
						CreatedOnToolsVersion = 10.1;
					};
				};
			};
			buildConfigurationList = 4E1E288A21F6723800A55FD2 /* Build configuration list for PBXProject "Festival Fest" */;
			compatibilityVersion = "Xcode 9.3";
			developmentRegion = en;
			hasScannedForEncodings = 0;
			knownRegions = (
				en,
				Base,
			);
			mainGroup = 4E1E288621F6723800A55FD2;
			productRefGroup = 4E1E289021F6723800A55FD2 /* Products */;
			projectDirPath = "";
			projectRoot = "";
			targets = (
				4E1E288E21F6723800A55FD2 /* Festival Fest */,
			);
		};
/* End PBXProject section */

/* Begin PBXResourcesBuildPhase section */
		4E1E288D21F6723800A55FD2 /* Resources */ = {
			isa = PBXResourcesBuildPhase;
			buildActionMask = 2147483647;
			files = (
				4EB48ACC21F7D76100DCDE7D /* ChatBot.storyboard in Resources */,
				4E1E289D21F6723900A55FD2 /* LaunchScreen.storyboard in Resources */,
				4E9931FA21F8061B009C345F /* Map.storyboard in Resources */,
				4EC83D6021F8122000ED75E4 /* FAQ.storyboard in Resources */,
				4EE0CE7D21F6E61300CB0B3D /* covers.plist in Resources */,
				4E1E289A21F6723900A55FD2 /* Assets.xcassets in Resources */,
				4EB48AD821F7D96700DCDE7D /* ConversationCell.xib in Resources */,
				4E1E289821F6723800A55FD2 /* Main.storyboard in Resources */,
				4E4CB1BC21F6C61A00C7E08C /* Home.storyboard in Resources */,
				4E9931F521F7FE38009C345F /* Schedule.storyboard in Resources */,
			);
			runOnlyForDeploymentPostprocessing = 0;
		};
/* End PBXResourcesBuildPhase section */

/* Begin PBXShellScriptBuildPhase section */
		11B79285150962CA46A72168 /* [CP] Embed Pods Frameworks */ = {
			isa = PBXShellScriptBuildPhase;
			buildActionMask = 2147483647;
			files = (
			);
			inputPaths = (
				"${SRCROOT}/Pods/Target Support Files/Pods-Festival Fest/Pods-Festival Fest-frameworks.sh",
				"${BUILT_PRODUCTS_DIR}/CollectionViewSlantedLayout/CollectionViewSlantedLayout.framework",
				"${BUILT_PRODUCTS_DIR}/Parchment/Parchment.framework",
				"${BUILT_PRODUCTS_DIR}/ZoomImageView/ZoomImageView.framework",
			);
			name = "[CP] Embed Pods Frameworks";
			outputPaths = (
				"${TARGET_BUILD_DIR}/${FRAMEWORKS_FOLDER_PATH}/CollectionViewSlantedLayout.framework",
				"${TARGET_BUILD_DIR}/${FRAMEWORKS_FOLDER_PATH}/Parchment.framework",
				"${TARGET_BUILD_DIR}/${FRAMEWORKS_FOLDER_PATH}/ZoomImageView.framework",
			);
			runOnlyForDeploymentPostprocessing = 0;
			shellPath = /bin/sh;
			shellScript = "\"${SRCROOT}/Pods/Target Support Files/Pods-Festival Fest/Pods-Festival Fest-frameworks.sh\"\n";
			showEnvVarsInLog = 0;
		};
		F3FCBFBB62101048DC44A028 /* [CP] Check Pods Manifest.lock */ = {
			isa = PBXShellScriptBuildPhase;
			buildActionMask = 2147483647;
			files = (
			);
			inputPaths = (
				"${PODS_PODFILE_DIR_PATH}/Podfile.lock",
				"${PODS_ROOT}/Manifest.lock",
			);
			name = "[CP] Check Pods Manifest.lock";
			outputPaths = (
				"$(DERIVED_FILE_DIR)/Pods-Festival Fest-checkManifestLockResult.txt",
			);
			runOnlyForDeploymentPostprocessing = 0;
			shellPath = /bin/sh;
			shellScript = "diff \"${PODS_PODFILE_DIR_PATH}/Podfile.lock\" \"${PODS_ROOT}/Manifest.lock\" > /dev/null\nif [ $? != 0 ] ; then\n    # print error to STDERR\n    echo \"error: The sandbox is not in sync with the Podfile.lock. Run 'pod install' or update your CocoaPods installation.\" >&2\n    exit 1\nfi\n# This output is used by Xcode 'outputs' to avoid re-running this script phase.\necho \"SUCCESS\" > \"${SCRIPT_OUTPUT_FILE_0}\"\n";
			showEnvVarsInLog = 0;
		};
/* End PBXShellScriptBuildPhase section */

/* Begin PBXSourcesBuildPhase section */
		4E1E288B21F6723800A55FD2 /* Sources */ = {
			isa = PBXSourcesBuildPhase;
			buildActionMask = 2147483647;
			files = (
				4E11BC3821F6DA5700C041F0 /* Global.swift in Sources */,
				4EB48ADA21F7D9AC00DCDE7D /* AskCell.swift in Sources */,
				4E4FE53021F730E9009DAF02 /* MenuViewController.swift in Sources */,
				4E9931F721F7FE45009C345F /* ScheduleViewController.swift in Sources */,
				4EB48AD021F7D8A800DCDE7D /* ConversationViewController.swift in Sources */,
				4EB48AC721F732DF00DCDE7D /* ImagesViewController.swift in Sources */,
				4EE0CE7921F6E59700CB0B3D /* CustomSlantedCollectionViewCell.swift in Sources */,
				4EC83D5E21F8098000ED75E4 /* MapViewController.swift in Sources */,
				4EB48AC321F732AF00DCDE7D /* UIView+Constraints.swift in Sources */,
				4EB48AD721F7D96700DCDE7D /* ConversationCell.swift in Sources */,
				4EB48ACE21F7D78D00DCDE7D /* ChatBot.swift in Sources */,
				4EB48AC921F732DF00DCDE7D /* ImagePagingCell.swift in Sources */,
				4E1E289321F6723800A55FD2 /* AppDelegate.swift in Sources */,
				4EC83D6221F8126A00ED75E4 /* FAQViewController.swift in Sources */,
				4EB48AC821F732DF00DCDE7D /* ImageCollectionViewCell.swift in Sources */,
				4EB48ADE21F7D9DA00DCDE7D /* ThinkingCell.swift in Sources */,
				4E4CB1B921F6C33800C7E08C /* LandingViewController.swift in Sources */,
				4EB48ADC21F7D9C300DCDE7D /* Message.swift in Sources */,
				4E4CB1BE21F6C63100C7E08C /* HomeViewController.swift in Sources */,
				4EB48AD221F7D90D00DCDE7D /* Conversation.swift in Sources */,
			);
			runOnlyForDeploymentPostprocessing = 0;
		};
/* End PBXSourcesBuildPhase section */

/* Begin PBXVariantGroup section */
		4E1E289621F6723800A55FD2 /* Main.storyboard */ = {
			isa = PBXVariantGroup;
			children = (
				4E1E289721F6723800A55FD2 /* Base */,
			);
			name = Main.storyboard;
			sourceTree = "<group>";
		};
		4E1E289B21F6723900A55FD2 /* LaunchScreen.storyboard */ = {
			isa = PBXVariantGroup;
			children = (
				4E1E289C21F6723900A55FD2 /* Base */,
			);
			name = LaunchScreen.storyboard;
			sourceTree = "<group>";
		};
/* End PBXVariantGroup section */

/* Begin XCBuildConfiguration section */
		4E1E289F21F6723900A55FD2 /* Debug */ = {
			isa = XCBuildConfiguration;
			buildSettings = {
				ALWAYS_SEARCH_USER_PATHS = NO;
				CLANG_ANALYZER_NONNULL = YES;
				CLANG_ANALYZER_NUMBER_OBJECT_CONVERSION = YES_AGGRESSIVE;
				CLANG_CXX_LANGUAGE_STANDARD = "gnu++14";
				CLANG_CXX_LIBRARY = "libc++";
				CLANG_ENABLE_MODULES = YES;
				CLANG_ENABLE_OBJC_ARC = YES;
				CLANG_ENABLE_OBJC_WEAK = YES;
				CLANG_WARN_BLOCK_CAPTURE_AUTORELEASING = YES;
				CLANG_WARN_BOOL_CONVERSION = YES;
				CLANG_WARN_COMMA = YES;
				CLANG_WARN_CONSTANT_CONVERSION = YES;
				CLANG_WARN_DEPRECATED_OBJC_IMPLEMENTATIONS = YES;
				CLANG_WARN_DIRECT_OBJC_ISA_USAGE = YES_ERROR;
				CLANG_WARN_DOCUMENTATION_COMMENTS = YES;
				CLANG_WARN_EMPTY_BODY = YES;
				CLANG_WARN_ENUM_CONVERSION = YES;
				CLANG_WARN_INFINITE_RECURSION = YES;
				CLANG_WARN_INT_CONVERSION = YES;
				CLANG_WARN_NON_LITERAL_NULL_CONVERSION = YES;
				CLANG_WARN_OBJC_IMPLICIT_RETAIN_SELF = YES;
				CLANG_WARN_OBJC_LITERAL_CONVERSION = YES;
				CLANG_WARN_OBJC_ROOT_CLASS = YES_ERROR;
				CLANG_WARN_RANGE_LOOP_ANALYSIS = YES;
				CLANG_WARN_STRICT_PROTOTYPES = YES;
				CLANG_WARN_SUSPICIOUS_MOVE = YES;
				CLANG_WARN_UNGUARDED_AVAILABILITY = YES_AGGRESSIVE;
				CLANG_WARN_UNREACHABLE_CODE = YES;
				CLANG_WARN__DUPLICATE_METHOD_MATCH = YES;
				CODE_SIGN_IDENTITY = "iPhone Developer";
				COPY_PHASE_STRIP = NO;
				DEBUG_INFORMATION_FORMAT = dwarf;
				ENABLE_STRICT_OBJC_MSGSEND = YES;
				ENABLE_TESTABILITY = YES;
				GCC_C_LANGUAGE_STANDARD = gnu11;
				GCC_DYNAMIC_NO_PIC = NO;
				GCC_NO_COMMON_BLOCKS = YES;
				GCC_OPTIMIZATION_LEVEL = 0;
				GCC_PREPROCESSOR_DEFINITIONS = (
					"DEBUG=1",
					"$(inherited)",
				);
				GCC_WARN_64_TO_32_BIT_CONVERSION = YES;
				GCC_WARN_ABOUT_RETURN_TYPE = YES_ERROR;
				GCC_WARN_UNDECLARED_SELECTOR = YES;
				GCC_WARN_UNINITIALIZED_AUTOS = YES_AGGRESSIVE;
				GCC_WARN_UNUSED_FUNCTION = YES;
				GCC_WARN_UNUSED_VARIABLE = YES;
				IPHONEOS_DEPLOYMENT_TARGET = 12.1;
				MTL_ENABLE_DEBUG_INFO = INCLUDE_SOURCE;
				MTL_FAST_MATH = YES;
				ONLY_ACTIVE_ARCH = YES;
				SDKROOT = iphoneos;
				SWIFT_ACTIVE_COMPILATION_CONDITIONS = DEBUG;
				SWIFT_OPTIMIZATION_LEVEL = "-Onone";
			};
			name = Debug;
		};
		4E1E28A021F6723900A55FD2 /* Release */ = {
			isa = XCBuildConfiguration;
			buildSettings = {
				ALWAYS_SEARCH_USER_PATHS = NO;
				CLANG_ANALYZER_NONNULL = YES;
				CLANG_ANALYZER_NUMBER_OBJECT_CONVERSION = YES_AGGRESSIVE;
				CLANG_CXX_LANGUAGE_STANDARD = "gnu++14";
				CLANG_CXX_LIBRARY = "libc++";
				CLANG_ENABLE_MODULES = YES;
				CLANG_ENABLE_OBJC_ARC = YES;
				CLANG_ENABLE_OBJC_WEAK = YES;
				CLANG_WARN_BLOCK_CAPTURE_AUTORELEASING = YES;
				CLANG_WARN_BOOL_CONVERSION = YES;
				CLANG_WARN_COMMA = YES;
				CLANG_WARN_CONSTANT_CONVERSION = YES;
				CLANG_WARN_DEPRECATED_OBJC_IMPLEMENTATIONS = YES;
				CLANG_WARN_DIRECT_OBJC_ISA_USAGE = YES_ERROR;
				CLANG_WARN_DOCUMENTATION_COMMENTS = YES;
				CLANG_WARN_EMPTY_BODY = YES;
				CLANG_WARN_ENUM_CONVERSION = YES;
				CLANG_WARN_INFINITE_RECURSION = YES;
				CLANG_WARN_INT_CONVERSION = YES;
				CLANG_WARN_NON_LITERAL_NULL_CONVERSION = YES;
				CLANG_WARN_OBJC_IMPLICIT_RETAIN_SELF = YES;
				CLANG_WARN_OBJC_LITERAL_CONVERSION = YES;
				CLANG_WARN_OBJC_ROOT_CLASS = YES_ERROR;
				CLANG_WARN_RANGE_LOOP_ANALYSIS = YES;
				CLANG_WARN_STRICT_PROTOTYPES = YES;
				CLANG_WARN_SUSPICIOUS_MOVE = YES;
				CLANG_WARN_UNGUARDED_AVAILABILITY = YES_AGGRESSIVE;
				CLANG_WARN_UNREACHABLE_CODE = YES;
				CLANG_WARN__DUPLICATE_METHOD_MATCH = YES;
				CODE_SIGN_IDENTITY = "iPhone Developer";
				COPY_PHASE_STRIP = NO;
				DEBUG_INFORMATION_FORMAT = "dwarf-with-dsym";
				ENABLE_NS_ASSERTIONS = NO;
				ENABLE_STRICT_OBJC_MSGSEND = YES;
				GCC_C_LANGUAGE_STANDARD = gnu11;
				GCC_NO_COMMON_BLOCKS = YES;
				GCC_WARN_64_TO_32_BIT_CONVERSION = YES;
				GCC_WARN_ABOUT_RETURN_TYPE = YES_ERROR;
				GCC_WARN_UNDECLARED_SELECTOR = YES;
				GCC_WARN_UNINITIALIZED_AUTOS = YES_AGGRESSIVE;
				GCC_WARN_UNUSED_FUNCTION = YES;
				GCC_WARN_UNUSED_VARIABLE = YES;
				IPHONEOS_DEPLOYMENT_TARGET = 12.1;
				MTL_ENABLE_DEBUG_INFO = NO;
				MTL_FAST_MATH = YES;
				SDKROOT = iphoneos;
				SWIFT_COMPILATION_MODE = wholemodule;
				SWIFT_OPTIMIZATION_LEVEL = "-O";
				VALIDATE_PRODUCT = YES;
			};
			name = Release;
		};
		4E1E28A221F6723900A55FD2 /* Debug */ = {
			isa = XCBuildConfiguration;
			baseConfigurationReference = ED3522D42F2C0BD47EF528EC /* Pods-Festival Fest.debug.xcconfig */;
			buildSettings = {
				ASSETCATALOG_COMPILER_APPICON_NAME = AppIcon;
				CODE_SIGN_STYLE = Automatic;
				DEVELOPMENT_TEAM = 7C6AHNDXHD;
				INFOPLIST_FILE = "Festival Fest/Info.plist";
				IPHONEOS_DEPLOYMENT_TARGET = 12.0;
				LD_RUNPATH_SEARCH_PATHS = (
					"$(inherited)",
					"@executable_path/Frameworks",
				);
				PRODUCT_BUNDLE_IDENTIFIER = "com.kimandaliya.Festival-Fest";
				PRODUCT_NAME = "$(TARGET_NAME)";
				SWIFT_VERSION = 4.2;
				TARGETED_DEVICE_FAMILY = "1,2";
			};
			name = Debug;
		};
		4E1E28A321F6723900A55FD2 /* Release */ = {
			isa = XCBuildConfiguration;
			baseConfigurationReference = E4B65F2AF122928CFA08C809 /* Pods-Festival Fest.release.xcconfig */;
			buildSettings = {
				ASSETCATALOG_COMPILER_APPICON_NAME = AppIcon;
				CODE_SIGN_STYLE = Automatic;
				DEVELOPMENT_TEAM = 7C6AHNDXHD;
				INFOPLIST_FILE = "Festival Fest/Info.plist";
				IPHONEOS_DEPLOYMENT_TARGET = 12.0;
				LD_RUNPATH_SEARCH_PATHS = (
					"$(inherited)",
					"@executable_path/Frameworks",
				);
				PRODUCT_BUNDLE_IDENTIFIER = "com.kimandaliya.Festival-Fest";
				PRODUCT_NAME = "$(TARGET_NAME)";
				SWIFT_VERSION = 4.2;
				TARGETED_DEVICE_FAMILY = "1,2";
			};
			name = Release;
		};
/* End XCBuildConfiguration section */

/* Begin XCConfigurationList section */
		4E1E288A21F6723800A55FD2 /* Build configuration list for PBXProject "Festival Fest" */ = {
			isa = XCConfigurationList;
			buildConfigurations = (
				4E1E289F21F6723900A55FD2 /* Debug */,
				4E1E28A021F6723900A55FD2 /* Release */,
			);
			defaultConfigurationIsVisible = 0;
			defaultConfigurationName = Release;
		};
		4E1E28A121F6723900A55FD2 /* Build configuration list for PBXNativeTarget "Festival Fest" */ = {
			isa = XCConfigurationList;
			buildConfigurations = (
				4E1E28A221F6723900A55FD2 /* Debug */,
				4E1E28A321F6723900A55FD2 /* Release */,
			);
			defaultConfigurationIsVisible = 0;
			defaultConfigurationName = Release;
		};
/* End XCConfigurationList section */
	};
	rootObject = 4E1E288721F6723800A55FD2 /* Project object */;
}
